
Microsoft Visual Studio Solution File, Format Version 12.00
# Visual Studio Version 16
VisualStudioVersion = 25.0.1706.13
MinimumVisualStudioVersion = 10.0.40219.1
Project("{FAE04EC0-301F-11D3-BF4B-00C04F79EFBC}") = "PlugzApi", "PlugzApi\PlugzApi.csproj", "{2BBC7B90-DDC1-46A1-A078-FF1EBCA2016D}"
EndProject
Global
	GlobalSection(SolutionConfigurationPlatforms) = preSolution
		Debug|Any CPU = Debug|Any CPU
		Release|Any CPU = Release|Any CPU
	EndGlobalSection
	GlobalSection(ProjectConfigurationPlatforms) = postSolution
		{2BBC7B90-DDC1-46A1-A078-FF1EBCA2016D}.Debug|Any CPU.ActiveCfg = Debug|Any CPU
		{2BBC7B90-DDC1-46A1-A078-FF1EBCA2016D}.Debug|Any CPU.Build.0 = Debug|Any CPU
		{2BBC7B90-DDC1-46A1-A078-FF1EBCA2016D}.Release|Any CPU.ActiveCfg = Release|Any CPU
		{2BBC7B90-DDC1-46A1-A078-FF1EBCA2016D}.Release|Any CPU.Build.0 = Release|Any CPU
	EndGlobalSection
	GlobalSection(SolutionProperties) = preSolution
		HideSolutionNode = FALSE
	EndGlobalSection
	GlobalSection(ExtensibilityGlobals) = postSolution
		SolutionGuid = {ADD68981-4A63-4ACA-B4EE-48E1BB9A0D65}
	EndGlobalSection
EndGlobal
